github.com/BrunoGambim/TesteGAA v0.0.0-20231205132237-52ef155a8bef h1:uqdedRMJ9J+7ZKmCW2Y6Cu2EFFRvkydrXQ7Ja/IDJwI=
github.com/BrunoGambim/TesteGAA v0.0.0-20231205132237-52ef155a8bef/go.mod h1:Q1WlCmqwisYBKPpM+A0tqL7LPkbJmy20/QOfoD0t/4Y=
github.com/BrunoGambim/TesteGAA v0.0.0-20231205133852-87f70ce6cd6e h1:2NnVke0ugP8qRPY2+yulHSaRXVG3rRPHNa/Z96rn2oI=
github.com/BrunoGambim/TesteGAA v0.0.0-20231205133852-87f70ce6cd6e/go.mod h1:Q1WlCmqwisYBKPpM+A0tqL7LPkbJmy20/QOfoD0t/4Y=
